
Microsoft Visual Studio Solution File, Format Version 12.00
# Visual Studio 15
VisualStudioVersion = 15.0.28010.2016
MinimumVisualStudioVersion = 10.0.40219.1
Project("{FAE04EC0-301F-11D3-BF4B-00C04F79EFBC}") = "ExceptionSnapshotExtension", "ExceptionSnapshotExtension\ExceptionSnapshotExtension.csproj", "{6C8AFB77-372E-43E6-8A2A-D5AD241F3EB3}"
EndProject
Global
	GlobalSection(SolutionConfigurationPlatforms) = preSolution
		Debug|Any CPU = Debug|Any CPU
		Release|Any CPU = Release|Any CPU
	EndGlobalSection
	GlobalSection(ProjectConfigurationPlatforms) = postSolution
		{6C8AFB77-372E-43E6-8A2A-D5AD241F3EB3}.Debug|Any CPU.ActiveCfg = Debug|Any CPU
		{6C8AFB77-372E-43E6-8A2A-D5AD241F3EB3}.Debug|Any CPU.Build.0 = Debug|Any CPU
		{6C8AFB77-372E-43E6-8A2A-D5AD241F3EB3}.Release|Any CPU.ActiveCfg = Release|Any CPU
		{6C8AFB77-372E-43E6-8A2A-D5AD241F3EB3}.Release|Any CPU.Build.0 = Release|Any CPU
	EndGlobalSection
	GlobalSection(SolutionProperties) = preSolution
		HideSolutionNode = FALSE
	EndGlobalSection
	GlobalSection(ExtensibilityGlobals) = postSolution
		SolutionGuid = {76F12D9D-F0CB-468A-A5D6-5B744C7DBEA8}
	EndGlobalSection
EndGlobal
